
Microsoft Visual Studio Solution File, Format Version 12.00
# Visual Studio 15
VisualStudioVersion = 15.0.27428.2043
MinimumVisualStudioVersion = 10.0.40219.1
Project("{FAE04EC0-301F-11D3-BF4B-00C04F79EFBC}") = "zDailyIncrease", "zDailyIncrease\zDailyIncrease.csproj", "{D0EAC103-8F4C-4A93-9A13-D2A4748EC2B5}"
EndProject
Global
	GlobalSection(SolutionConfigurationPlatforms) = preSolution
		Debug|Any CPU = Debug|Any CPU
		Release|Any CPU = Release|Any CPU
	EndGlobalSection
	GlobalSection(ProjectConfigurationPlatforms) = postSolution
		{D0EAC103-8F4C-4A93-9A13-D2A4748EC2B5}.Debug|Any CPU.ActiveCfg = Debug|Any CPU
		{D0EAC103-8F4C-4A93-9A13-D2A4748EC2B5}.Debug|Any CPU.Build.0 = Debug|Any CPU
		{D0EAC103-8F4C-4A93-9A13-D2A4748EC2B5}.Release|Any CPU.ActiveCfg = Release|Any CPU
		{D0EAC103-8F4C-4A93-9A13-D2A4748EC2B5}.Release|Any CPU.Build.0 = Release|Any CPU
	EndGlobalSection
	GlobalSection(SolutionProperties) = preSolution
		HideSolutionNode = FALSE
	EndGlobalSection
	GlobalSection(ExtensibilityGlobals) = postSolution
		SolutionGuid = {028429D5-7530-48DE-93A6-C82639BD7589}
	EndGlobalSection
EndGlobal
